
Microsoft Visual Studio Solution File, Format Version 11.00
# Visual Studio 2010
Project("{8BC9CEB8-8B4A-11D0-8D11-00A0C91BC942}") = "libmodbus", "libmodbus\libmodbus.vcxproj", "{1B64568D-378D-465C-AC66-973C591542C2}"
EndProject
Project("{8BC9CEB8-8B4A-11D0-8D11-00A0C91BC942}") = "unit-test-server", "unit-test-server\unit-test-server.vcxproj", "{F5125924-C4AE-4BDC-98CD-3876DF6F500B}"
	ProjectSection(ProjectDependencies) = postProject
		{1B64568D-378D-465C-AC66-973C591542C2} = {1B64568D-378D-465C-AC66-973C591542C2}
	EndProjectSection
EndProject
Project("{8BC9CEB8-8B4A-11D0-8D11-00A0C91BC942}") = "unit-test-client", "unit-test-client\unit-test-client.vcxproj", "{F5125924-C4AE-98CD-4BDC-3876DF6F500B}"
	ProjectSection(ProjectDependencies) = postProject
		{1B64568D-378D-465C-AC66-973C591542C2} = {1B64568D-378D-465C-AC66-973C591542C2}
	EndProjectSection
EndProject
Project("{8BC9CEB8-8B4A-11D0-8D11-00A0C91BC942}") = "simpleclient-rtu", "simpleclient-rtu\simpleclient-rtu.vcxproj", "{F5125924-C4AE-98CD-3876-4BDCDF6F500B}"
	ProjectSection(ProjectDependencies) = postProject
		{1B64568D-378D-465C-AC66-973C591542C2} = {1B64568D-378D-465C-AC66-973C591542C2}
	EndProjectSection
EndProject
Project("{FAE04EC0-301F-11D3-BF4B-00C04F79EFBC}") = "LibModbus.Net", "LibModbus.Net\LibModbus.Net.csproj", "{9E33387A-32FF-44C7-AEE2-DD6EB1438181}"
	ProjectSection(ProjectDependencies) = postProject
		{1B64568D-378D-465C-AC66-973C591542C2} = {1B64568D-378D-465C-AC66-973C591542C2}
	EndProjectSection
EndProject
Project("{FAE04EC0-301F-11D3-BF4B-00C04F79EFBC}") = "UnitTestClient.Net", "UnitTestClient.Net\UnitTestClient.Net.csproj", "{7507C7AE-45A0-6A3D-96F3-70014BB656CD}"
EndProject
Project("{FAE04EC0-301F-11D3-BF4B-00C04F79EFBC}") = "SimpleClientRtu.Net", "SimpleClientRtu.Net\SimpleClientRtu.Net.csproj", "{7507C7AE-6A3D-45A0-96F3-70014BB656CD}"
EndProject
Global
	GlobalSection(SolutionConfigurationPlatforms) = preSolution
		Debug|Any CPU = Debug|Any CPU
		Debug|Mixed Platforms = Debug|Mixed Platforms
		Debug|Win32 = Debug|Win32
		Debug|x86 = Debug|x86
		Release|Any CPU = Release|Any CPU
		Release|Mixed Platforms = Release|Mixed Platforms
		Release|Win32 = Release|Win32
		Release|x86 = Release|x86
	EndGlobalSection
	GlobalSection(ProjectConfigurationPlatforms) = postSolution
		{1B64568D-378D-465C-AC66-973C591542C2}.Debug|Any CPU.ActiveCfg = Debug|Win32
		{1B64568D-378D-465C-AC66-973C591542C2}.Debug|Mixed Platforms.ActiveCfg = Debug|Win32
		{1B64568D-378D-465C-AC66-973C591542C2}.Debug|Mixed Platforms.Build.0 = Debug|Win32
		{1B64568D-378D-465C-AC66-973C591542C2}.Debug|Win32.ActiveCfg = Debug|Win32
		{1B64568D-378D-465C-AC66-973C591542C2}.Debug|Win32.Build.0 = Debug|Win32
		{1B64568D-378D-465C-AC66-973C591542C2}.Debug|x86.ActiveCfg = Debug|Win32
		{1B64568D-378D-465C-AC66-973C591542C2}.Release|Any CPU.ActiveCfg = Release|Win32
		{1B64568D-378D-465C-AC66-973C591542C2}.Release|Mixed Platforms.ActiveCfg = Release|Win32
		{1B64568D-378D-465C-AC66-973C591542C2}.Release|Mixed Platforms.Build.0 = Release|Win32
		{1B64568D-378D-465C-AC66-973C591542C2}.Release|Win32.ActiveCfg = Release|Win32
		{1B64568D-378D-465C-AC66-973C591542C2}.Release|Win32.Build.0 = Release|Win32
		{1B64568D-378D-465C-AC66-973C591542C2}.Release|x86.ActiveCfg = Release|Win32
		{F5125924-C4AE-4BDC-98CD-3876DF6F500B}.Debug|Any CPU.ActiveCfg = Debug|Win32
		{F5125924-C4AE-4BDC-98CD-3876DF6F500B}.Debug|Mixed Platforms.ActiveCfg = Debug|Win32
		{F5125924-C4AE-4BDC-98CD-3876DF6F500B}.Debug|Mixed Platforms.Build.0 = Debug|Win32
		{F5125924-C4AE-4BDC-98CD-3876DF6F500B}.Debug|Win32.ActiveCfg = Debug|Win32
		{F5125924-C4AE-4BDC-98CD-3876DF6F500B}.Debug|Win32.Build.0 = Debug|Win32
		{F5125924-C4AE-4BDC-98CD-3876DF6F500B}.Debug|x86.ActiveCfg = Debug|Win32
		{F5125924-C4AE-4BDC-98CD-3876DF6F500B}.Release|Any CPU.ActiveCfg = Release|Win32
		{F5125924-C4AE-4BDC-98CD-3876DF6F500B}.Release|Mixed Platforms.ActiveCfg = Release|Win32
		{F5125924-C4AE-4BDC-98CD-3876DF6F500B}.Release|Mixed Platforms.Build.0 = Release|Win32
		{F5125924-C4AE-4BDC-98CD-3876DF6F500B}.Release|Win32.ActiveCfg = Release|Win32
		{F5125924-C4AE-4BDC-98CD-3876DF6F500B}.Release|Win32.Build.0 = Release|Win32
		{F5125924-C4AE-4BDC-98CD-3876DF6F500B}.Release|x86.ActiveCfg = Release|Win32
		{F5125924-C4AE-98CD-4BDC-3876DF6F500B}.Debug|Any CPU.ActiveCfg = Debug|Win32
		{F5125924-C4AE-98CD-4BDC-3876DF6F500B}.Debug|Mixed Platforms.ActiveCfg = Debug|Win32
		{F5125924-C4AE-98CD-4BDC-3876DF6F500B}.Debug|Mixed Platforms.Build.0 = Debug|Win32
		{F5125924-C4AE-98CD-4BDC-3876DF6F500B}.Debug|Win32.ActiveCfg = Debug|Win32
		{F5125924-C4AE-98CD-4BDC-3876DF6F500B}.Debug|Win32.Build.0 = Debug|Win32
		{F5125924-C4AE-98CD-4BDC-3876DF6F500B}.Debug|x86.ActiveCfg = Debug|Win32
		{F5125924-C4AE-98CD-4BDC-3876DF6F500B}.Release|Any CPU.ActiveCfg = Release|Win32
		{F5125924-C4AE-98CD-4BDC-3876DF6F500B}.Release|Mixed Platforms.ActiveCfg = Release|Win32
		{F5125924-C4AE-98CD-4BDC-3876DF6F500B}.Release|Mixed Platforms.Build.0 = Release|Win32
		{F5125924-C4AE-98CD-4BDC-3876DF6F500B}.Release|Win32.ActiveCfg = Release|Win32
		{F5125924-C4AE-98CD-4BDC-3876DF6F500B}.Release|Win32.Build.0 = Release|Win32
		{F5125924-C4AE-98CD-4BDC-3876DF6F500B}.Release|x86.ActiveCfg = Release|Win32
		{F5125924-C4AE-98CD-3876-4BDCDF6F500B}.Debug|Any CPU.ActiveCfg = Debug|Win32
		{F5125924-C4AE-98CD-3876-4BDCDF6F500B}.Debug|Mixed Platforms.ActiveCfg = Debug|Win32
		{F5125924-C4AE-98CD-3876-4BDCDF6F500B}.Debug|Mixed Platforms.Build.0 = Debug|Win32
		{F5125924-C4AE-98CD-3876-4BDCDF6F500B}.Debug|Win32.ActiveCfg = Debug|Win32
		{F5125924-C4AE-98CD-3876-4BDCDF6F500B}.Debug|Win32.Build.0 = Debug|Win32
		{F5125924-C4AE-98CD-3876-4BDCDF6F500B}.Debug|x86.ActiveCfg = Debug|Win32
		{F5125924-C4AE-98CD-3876-4BDCDF6F500B}.Release|Any CPU.ActiveCfg = Release|Win32
		{F5125924-C4AE-98CD-3876-4BDCDF6F500B}.Release|Mixed Platforms.ActiveCfg = Release|Win32
		{F5125924-C4AE-98CD-3876-4BDCDF6F500B}.Release|Mixed Platforms.Build.0 = Release|Win32
		{F5125924-C4AE-98CD-3876-4BDCDF6F500B}.Release|Win32.ActiveCfg = Release|Win32
		{F5125924-C4AE-98CD-3876-4BDCDF6F500B}.Release|Win32.Build.0 = Release|Win32
		{F5125924-C4AE-98CD-3876-4BDCDF6F500B}.Release|x86.ActiveCfg = Release|Win32
		{9E33387A-32FF-44C7-AEE2-DD6EB1438181}.Debug|Any CPU.ActiveCfg = Debug|Any CPU
		{9E33387A-32FF-44C7-AEE2-DD6EB1438181}.Debug|Any CPU.Build.0 = Debug|Any CPU
		{9E33387A-32FF-44C7-AEE2-DD6EB1438181}.Debug|Mixed Platforms.ActiveCfg = Debug|Any CPU
		{9E33387A-32FF-44C7-AEE2-DD6EB1438181}.Debug|Mixed Platforms.Build.0 = Debug|Any CPU
		{9E33387A-32FF-44C7-AEE2-DD6EB1438181}.Debug|Win32.ActiveCfg = Debug|Any CPU
		{9E33387A-32FF-44C7-AEE2-DD6EB1438181}.Debug|x86.ActiveCfg = Debug|Any CPU
		{9E33387A-32FF-44C7-AEE2-DD6EB1438181}.Release|Any CPU.ActiveCfg = Release|Any CPU
		{9E33387A-32FF-44C7-AEE2-DD6EB1438181}.Release|Any CPU.Build.0 = Release|Any CPU
		{9E33387A-32FF-44C7-AEE2-DD6EB1438181}.Release|Mixed Platforms.ActiveCfg = Release|Any CPU
		{9E33387A-32FF-44C7-AEE2-DD6EB1438181}.Release|Mixed Platforms.Build.0 = Release|Any CPU
		{9E33387A-32FF-44C7-AEE2-DD6EB1438181}.Release|Win32.ActiveCfg = Release|Any CPU
		{9E33387A-32FF-44C7-AEE2-DD6EB1438181}.Release|x86.ActiveCfg = Release|Any CPU
		{7507C7AE-45A0-6A3D-96F3-70014BB656CD}.Debug|Any CPU.ActiveCfg = Debug|x86
		{7507C7AE-45A0-6A3D-96F3-70014BB656CD}.Debug|Mixed Platforms.ActiveCfg = Debug|x86
		{7507C7AE-45A0-6A3D-96F3-70014BB656CD}.Debug|Mixed Platforms.Build.0 = Debug|x86
		{7507C7AE-45A0-6A3D-96F3-70014BB656CD}.Debug|Win32.ActiveCfg = Debug|x86
		{7507C7AE-45A0-6A3D-96F3-70014BB656CD}.Debug|x86.ActiveCfg = Debug|x86
		{7507C7AE-45A0-6A3D-96F3-70014BB656CD}.Debug|x86.Build.0 = Debug|x86
		{7507C7AE-45A0-6A3D-96F3-70014BB656CD}.Release|Any CPU.ActiveCfg = Release|x86
		{7507C7AE-45A0-6A3D-96F3-70014BB656CD}.Release|Mixed Platforms.ActiveCfg = Release|x86
		{7507C7AE-45A0-6A3D-96F3-70014BB656CD}.Release|Mixed Platforms.Build.0 = Release|x86
		{7507C7AE-45A0-6A3D-96F3-70014BB656CD}.Release|Win32.ActiveCfg = Release|x86
		{7507C7AE-45A0-6A3D-96F3-70014BB656CD}.Release|x86.ActiveCfg = Release|x86
		{7507C7AE-45A0-6A3D-96F3-70014BB656CD}.Release|x86.Build.0 = Release|x86
		{7507C7AE-6A3D-45A0-96F3-70014BB656CD}.Debug|Any CPU.ActiveCfg = Debug|x86
		{7507C7AE-6A3D-45A0-96F3-70014BB656CD}.Debug|Mixed Platforms.ActiveCfg = Debug|x86
		{7507C7AE-6A3D-45A0-96F3-70014BB656CD}.Debug|Mixed Platforms.Build.0 = Debug|x86
		{7507C7AE-6A3D-45A0-96F3-70014BB656CD}.Debug|Win32.ActiveCfg = Debug|x86
		{7507C7AE-6A3D-45A0-96F3-70014BB656CD}.Debug|x86.ActiveCfg = Debug|x86
		{7507C7AE-6A3D-45A0-96F3-70014BB656CD}.Debug|x86.Build.0 = Debug|x86
		{7507C7AE-6A3D-45A0-96F3-70014BB656CD}.Release|Any CPU.ActiveCfg = Release|x86
		{7507C7AE-6A3D-45A0-96F3-70014BB656CD}.Release|Mixed Platforms.ActiveCfg = Release|x86
		{7507C7AE-6A3D-45A0-96F3-70014BB656CD}.Release|Mixed Platforms.Build.0 = Release|x86
		{7507C7AE-6A3D-45A0-96F3-70014BB656CD}.Release|Win32.ActiveCfg = Release|x86
		{7507C7AE-6A3D-45A0-96F3-70014BB656CD}.Release|x86.ActiveCfg = Release|x86
		{7507C7AE-6A3D-45A0-96F3-70014BB656CD}.Release|x86.Build.0 = Release|x86
	EndGlobalSection
	GlobalSection(SolutionProperties) = preSolution
		HideSolutionNode = FALSE
	EndGlobalSection
EndGlobal
